
Microsoft Visual Studio Solution File, Format Version 12.00
# Visual Studio 15
VisualStudioVersion = 15.0.27004.2010
MinimumVisualStudioVersion = 10.0.40219.1
Project("{FAE04EC0-301F-11D3-BF4B-00C04F79EFBC}") = "RamboellTilSyn", "RamboellTilSyn\RamboellTilSyn.csproj", "{3F32F56E-1666-4067-AC89-11EE3A5AD9F1}"
EndProject
Project("{9A19103F-16F7-4668-BE54-9A1E7A4F7556}") = "RamboellTilSyn.Test", "RamboellTilSyn.Test\RamboellTilSyn.Test.csproj", "{51D0E6BC-53CC-4759-8F50-39AAFE21DBD3}"
EndProject
Project("{FAE04EC0-301F-11D3-BF4B-00C04F79EFBC}") = "UITest1", "UITest1\UITest1.csproj", "{EA60C981-3899-4EF6-A2AA-AA5F2BE90D31}"
EndProject
Project("{FAE04EC0-301F-11D3-BF4B-00C04F79EFBC}") = "NUnit.RamboellTilSyn", "NUnit.Tests1\NUnit.RamboellTilSyn.csproj", "{8EDF4429-251A-416D-BB68-93F227191BCF}"
EndProject
Global
	GlobalSection(SolutionConfigurationPlatforms) = preSolution
		Ad-Hoc|Any CPU = Ad-Hoc|Any CPU
		Ad-Hoc|iPhone = Ad-Hoc|iPhone
		Ad-Hoc|iPhoneSimulator = Ad-Hoc|iPhoneSimulator
		AppStore|Any CPU = AppStore|Any CPU
		AppStore|iPhone = AppStore|iPhone
		AppStore|iPhoneSimulator = AppStore|iPhoneSimulator
		Debug|Any CPU = Debug|Any CPU
		Debug|iPhone = Debug|iPhone
		Debug|iPhoneSimulator = Debug|iPhoneSimulator
		Release|Any CPU = Release|Any CPU
		Release|iPhone = Release|iPhone
		Release|iPhoneSimulator = Release|iPhoneSimulator
	EndGlobalSection
	GlobalSection(ProjectConfigurationPlatforms) = postSolution
		{3F32F56E-1666-4067-AC89-11EE3A5AD9F1}.Ad-Hoc|Any CPU.ActiveCfg = Ad-Hoc|iPhoneSimulator
		{3F32F56E-1666-4067-AC89-11EE3A5AD9F1}.Ad-Hoc|iPhone.ActiveCfg = Ad-Hoc|iPhone
		{3F32F56E-1666-4067-AC89-11EE3A5AD9F1}.Ad-Hoc|iPhone.Build.0 = Ad-Hoc|iPhone
		{3F32F56E-1666-4067-AC89-11EE3A5AD9F1}.Ad-Hoc|iPhoneSimulator.ActiveCfg = Ad-Hoc|iPhoneSimulator
		{3F32F56E-1666-4067-AC89-11EE3A5AD9F1}.Ad-Hoc|iPhoneSimulator.Build.0 = Ad-Hoc|iPhoneSimulator
		{3F32F56E-1666-4067-AC89-11EE3A5AD9F1}.AppStore|Any CPU.ActiveCfg = AppStore|iPhoneSimulator
		{3F32F56E-1666-4067-AC89-11EE3A5AD9F1}.AppStore|iPhone.ActiveCfg = AppStore|iPhone
		{3F32F56E-1666-4067-AC89-11EE3A5AD9F1}.AppStore|iPhone.Build.0 = AppStore|iPhone
		{3F32F56E-1666-4067-AC89-11EE3A5AD9F1}.AppStore|iPhoneSimulator.ActiveCfg = AppStore|iPhoneSimulator
		{3F32F56E-1666-4067-AC89-11EE3A5AD9F1}.AppStore|iPhoneSimulator.Build.0 = AppStore|iPhoneSimulator
		{3F32F56E-1666-4067-AC89-11EE3A5AD9F1}.Debug|Any CPU.ActiveCfg = Debug|iPhoneSimulator
		{3F32F56E-1666-4067-AC89-11EE3A5AD9F1}.Debug|iPhone.ActiveCfg = Debug|iPhone
		{3F32F56E-1666-4067-AC89-11EE3A5AD9F1}.Debug|iPhone.Build.0 = Debug|iPhone
		{3F32F56E-1666-4067-AC89-11EE3A5AD9F1}.Debug|iPhoneSimulator.ActiveCfg = Debug|iPhoneSimulator
		{3F32F56E-1666-4067-AC89-11EE3A5AD9F1}.Debug|iPhoneSimulator.Build.0 = Debug|iPhoneSimulator
		{3F32F56E-1666-4067-AC89-11EE3A5AD9F1}.Release|Any CPU.ActiveCfg = Release|iPhoneSimulator
		{3F32F56E-1666-4067-AC89-11EE3A5AD9F1}.Release|iPhone.ActiveCfg = Release|iPhone
		{3F32F56E-1666-4067-AC89-11EE3A5AD9F1}.Release|iPhone.Build.0 = Release|iPhone
		{3F32F56E-1666-4067-AC89-11EE3A5AD9F1}.Release|iPhoneSimulator.ActiveCfg = Release|iPhoneSimulator
		{3F32F56E-1666-4067-AC89-11EE3A5AD9F1}.Release|iPhoneSimulator.Build.0 = Release|iPhoneSimulator
		{51D0E6BC-53CC-4759-8F50-39AAFE21DBD3}.Ad-Hoc|Any CPU.ActiveCfg = Debug|Any CPU
		{51D0E6BC-53CC-4759-8F50-39AAFE21DBD3}.Ad-Hoc|Any CPU.Build.0 = Debug|Any CPU
		{51D0E6BC-53CC-4759-8F50-39AAFE21DBD3}.Ad-Hoc|iPhone.ActiveCfg = Debug|Any CPU
		{51D0E6BC-53CC-4759-8F50-39AAFE21DBD3}.Ad-Hoc|iPhone.Build.0 = Debug|Any CPU
		{51D0E6BC-53CC-4759-8F50-39AAFE21DBD3}.Ad-Hoc|iPhoneSimulator.ActiveCfg = Debug|Any CPU
		{51D0E6BC-53CC-4759-8F50-39AAFE21DBD3}.Ad-Hoc|iPhoneSimulator.Build.0 = Debug|Any CPU
		{51D0E6BC-53CC-4759-8F50-39AAFE21DBD3}.AppStore|Any CPU.ActiveCfg = Debug|Any CPU
		{51D0E6BC-53CC-4759-8F50-39AAFE21DBD3}.AppStore|Any CPU.Build.0 = Debug|Any CPU
		{51D0E6BC-53CC-4759-8F50-39AAFE21DBD3}.AppStore|iPhone.ActiveCfg = Debug|Any CPU
		{51D0E6BC-53CC-4759-8F50-39AAFE21DBD3}.AppStore|iPhone.Build.0 = Debug|Any CPU
		{51D0E6BC-53CC-4759-8F50-39AAFE21DBD3}.AppStore|iPhoneSimulator.ActiveCfg = Debug|Any CPU
		{51D0E6BC-53CC-4759-8F50-39AAFE21DBD3}.AppStore|iPhoneSimulator.Build.0 = Debug|Any CPU
		{51D0E6BC-53CC-4759-8F50-39AAFE21DBD3}.Debug|Any CPU.ActiveCfg = Debug|Any CPU
		{51D0E6BC-53CC-4759-8F50-39AAFE21DBD3}.Debug|Any CPU.Build.0 = Debug|Any CPU
		{51D0E6BC-53CC-4759-8F50-39AAFE21DBD3}.Debug|iPhone.ActiveCfg = Debug|Any CPU
		{51D0E6BC-53CC-4759-8F50-39AAFE21DBD3}.Debug|iPhone.Build.0 = Debug|Any CPU
		{51D0E6BC-53CC-4759-8F50-39AAFE21DBD3}.Debug|iPhoneSimulator.ActiveCfg = Debug|Any CPU
		{51D0E6BC-53CC-4759-8F50-39AAFE21DBD3}.Debug|iPhoneSimulator.Build.0 = Debug|Any CPU
		{51D0E6BC-53CC-4759-8F50-39AAFE21DBD3}.Release|Any CPU.ActiveCfg = Release|Any CPU
		{51D0E6BC-53CC-4759-8F50-39AAFE21DBD3}.Release|Any CPU.Build.0 = Release|Any CPU
		{51D0E6BC-53CC-4759-8F50-39AAFE21DBD3}.Release|iPhone.ActiveCfg = Release|Any CPU
		{51D0E6BC-53CC-4759-8F50-39AAFE21DBD3}.Release|iPhone.Build.0 = Release|Any CPU
		{51D0E6BC-53CC-4759-8F50-39AAFE21DBD3}.Release|iPhoneSimulator.ActiveCfg = Release|Any CPU
		{51D0E6BC-53CC-4759-8F50-39AAFE21DBD3}.Release|iPhoneSimulator.Build.0 = Release|Any CPU
		{EA60C981-3899-4EF6-A2AA-AA5F2BE90D31}.Ad-Hoc|Any CPU.ActiveCfg = Release|Any CPU
		{EA60C981-3899-4EF6-A2AA-AA5F2BE90D31}.Ad-Hoc|Any CPU.Build.0 = Release|Any CPU
		{EA60C981-3899-4EF6-A2AA-AA5F2BE90D31}.Ad-Hoc|iPhone.ActiveCfg = Release|Any CPU
		{EA60C981-3899-4EF6-A2AA-AA5F2BE90D31}.Ad-Hoc|iPhone.Build.0 = Release|Any CPU
		{EA60C981-3899-4EF6-A2AA-AA5F2BE90D31}.Ad-Hoc|iPhoneSimulator.ActiveCfg = Release|Any CPU
		{EA60C981-3899-4EF6-A2AA-AA5F2BE90D31}.Ad-Hoc|iPhoneSimulator.Build.0 = Release|Any CPU
		{EA60C981-3899-4EF6-A2AA-AA5F2BE90D31}.AppStore|Any CPU.ActiveCfg = Release|Any CPU
		{EA60C981-3899-4EF6-A2AA-AA5F2BE90D31}.AppStore|Any CPU.Build.0 = Release|Any CPU
		{EA60C981-3899-4EF6-A2AA-AA5F2BE90D31}.AppStore|iPhone.ActiveCfg = Release|Any CPU
		{EA60C981-3899-4EF6-A2AA-AA5F2BE90D31}.AppStore|iPhone.Build.0 = Release|Any CPU
		{EA60C981-3899-4EF6-A2AA-AA5F2BE90D31}.AppStore|iPhoneSimulator.ActiveCfg = Release|Any CPU
		{EA60C981-3899-4EF6-A2AA-AA5F2BE90D31}.AppStore|iPhoneSimulator.Build.0 = Release|Any CPU
		{EA60C981-3899-4EF6-A2AA-AA5F2BE90D31}.Debug|Any CPU.ActiveCfg = Debug|Any CPU
		{EA60C981-3899-4EF6-A2AA-AA5F2BE90D31}.Debug|Any CPU.Build.0 = Debug|Any CPU
		{EA60C981-3899-4EF6-A2AA-AA5F2BE90D31}.Debug|iPhone.ActiveCfg = Debug|Any CPU
		{EA60C981-3899-4EF6-A2AA-AA5F2BE90D31}.Debug|iPhone.Build.0 = Debug|Any CPU
		{EA60C981-3899-4EF6-A2AA-AA5F2BE90D31}.Debug|iPhoneSimulator.ActiveCfg = Debug|Any CPU
		{EA60C981-3899-4EF6-A2AA-AA5F2BE90D31}.Debug|iPhoneSimulator.Build.0 = Debug|Any CPU
		{EA60C981-3899-4EF6-A2AA-AA5F2BE90D31}.Release|Any CPU.ActiveCfg = Release|Any CPU
		{EA60C981-3899-4EF6-A2AA-AA5F2BE90D31}.Release|Any CPU.Build.0 = Release|Any CPU
		{EA60C981-3899-4EF6-A2AA-AA5F2BE90D31}.Release|iPhone.ActiveCfg = Release|Any CPU
		{EA60C981-3899-4EF6-A2AA-AA5F2BE90D31}.Release|iPhone.Build.0 = Release|Any CPU
		{EA60C981-3899-4EF6-A2AA-AA5F2BE90D31}.Release|iPhoneSimulator.ActiveCfg = Release|Any CPU
		{EA60C981-3899-4EF6-A2AA-AA5F2BE90D31}.Release|iPhoneSimulator.Build.0 = Release|Any CPU
		{8EDF4429-251A-416D-BB68-93F227191BCF}.Ad-Hoc|Any CPU.ActiveCfg = Release|Any CPU
		{8EDF4429-251A-416D-BB68-93F227191BCF}.Ad-Hoc|Any CPU.Build.0 = Release|Any CPU
		{8EDF4429-251A-416D-BB68-93F227191BCF}.Ad-Hoc|iPhone.ActiveCfg = Release|Any CPU
		{8EDF4429-251A-416D-BB68-93F227191BCF}.Ad-Hoc|iPhone.Build.0 = Release|Any CPU
		{8EDF4429-251A-416D-BB68-93F227191BCF}.Ad-Hoc|iPhoneSimulator.ActiveCfg = Release|Any CPU
		{8EDF4429-251A-416D-BB68-93F227191BCF}.Ad-Hoc|iPhoneSimulator.Build.0 = Release|Any CPU
		{8EDF4429-251A-416D-BB68-93F227191BCF}.AppStore|Any CPU.ActiveCfg = Release|Any CPU
		{8EDF4429-251A-416D-BB68-93F227191BCF}.AppStore|Any CPU.Build.0 = Release|Any CPU
		{8EDF4429-251A-416D-BB68-93F227191BCF}.AppStore|iPhone.ActiveCfg = Release|Any CPU
		{8EDF4429-251A-416D-BB68-93F227191BCF}.AppStore|iPhone.Build.0 = Release|Any CPU
		{8EDF4429-251A-416D-BB68-93F227191BCF}.AppStore|iPhoneSimulator.ActiveCfg = Release|Any CPU
		{8EDF4429-251A-416D-BB68-93F227191BCF}.AppStore|iPhoneSimulator.Build.0 = Release|Any CPU
		{8EDF4429-251A-416D-BB68-93F227191BCF}.Debug|Any CPU.ActiveCfg = Debug|Any CPU
		{8EDF4429-251A-416D-BB68-93F227191BCF}.Debug|Any CPU.Build.0 = Debug|Any CPU
		{8EDF4429-251A-416D-BB68-93F227191BCF}.Debug|iPhone.ActiveCfg = Debug|Any CPU
		{8EDF4429-251A-416D-BB68-93F227191BCF}.Debug|iPhone.Build.0 = Debug|Any CPU
		{8EDF4429-251A-416D-BB68-93F227191BCF}.Debug|iPhoneSimulator.ActiveCfg = Debug|Any CPU
		{8EDF4429-251A-416D-BB68-93F227191BCF}.Debug|iPhoneSimulator.Build.0 = Debug|Any CPU
		{8EDF4429-251A-416D-BB68-93F227191BCF}.Release|Any CPU.ActiveCfg = Release|Any CPU
		{8EDF4429-251A-416D-BB68-93F227191BCF}.Release|Any CPU.Build.0 = Release|Any CPU
		{8EDF4429-251A-416D-BB68-93F227191BCF}.Release|iPhone.ActiveCfg = Release|Any CPU
		{8EDF4429-251A-416D-BB68-93F227191BCF}.Release|iPhone.Build.0 = Release|Any CPU
		{8EDF4429-251A-416D-BB68-93F227191BCF}.Release|iPhoneSimulator.ActiveCfg = Release|Any CPU
		{8EDF4429-251A-416D-BB68-93F227191BCF}.Release|iPhoneSimulator.Build.0 = Release|Any CPU
	EndGlobalSection
	GlobalSection(SolutionProperties) = preSolution
		HideSolutionNode = FALSE
	EndGlobalSection
	GlobalSection(ExtensibilityGlobals) = postSolution
		SolutionGuid = {A2F74E8D-E5E0-4426-B4BF-AEC0D38507D6}
	EndGlobalSection
EndGlobal
